
Microsoft Visual Studio Solution File, Format Version 12.00
# Visual Studio Version 17
VisualStudioVersion = 17.0.32112.339
MinimumVisualStudioVersion = 10.0.40219.1
Project("{888888A0-9F3D-457C-B088-3A5042F75D52}") = "parsing", "parsing\parsing.pyproj", "{AEC70BE3-F97E-41BC-B622-7B316BA9AA68}"
EndProject
Global
	GlobalSection(SolutionConfigurationPlatforms) = preSolution
		Debug|Any CPU = Debug|Any CPU
		Release|Any CPU = Release|Any CPU
	EndGlobalSection
	GlobalSection(ProjectConfigurationPlatforms) = postSolution
		{AEC70BE3-F97E-41BC-B622-7B316BA9AA68}.Debug|Any CPU.ActiveCfg = Debug|Any CPU
		{AEC70BE3-F97E-41BC-B622-7B316BA9AA68}.Release|Any CPU.ActiveCfg = Release|Any CPU
	EndGlobalSection
	GlobalSection(SolutionProperties) = preSolution
		HideSolutionNode = FALSE
	EndGlobalSection
	GlobalSection(ExtensibilityGlobals) = postSolution
		SolutionGuid = {1ED52BDC-E591-4BCF-B366-79149E866AD7}
	EndGlobalSection
EndGlobal
